
Microsoft Visual Studio Solution File, Format Version 12.00
# Visual Studio Version 17
VisualStudioVersion = 17.9.34728.123
MinimumVisualStudioVersion = 10.0.40219.1
Project("{FAE04EC0-301F-11D3-BF4B-00C04F79EFBC}") = "udp-server", "udp-server\udp-server.csproj", "{2D45C96A-7054-471A-9D81-E77B2F4C1938}"
EndProject
Global
	GlobalSection(SolutionConfigurationPlatforms) = preSolution
		Debug|Any CPU = Debug|Any CPU
		Release|Any CPU = Release|Any CPU
	EndGlobalSection
	GlobalSection(ProjectConfigurationPlatforms) = postSolution
		{2D45C96A-7054-471A-9D81-E77B2F4C1938}.Debug|Any CPU.ActiveCfg = Debug|Any CPU
		{2D45C96A-7054-471A-9D81-E77B2F4C1938}.Debug|Any CPU.Build.0 = Debug|Any CPU
		{2D45C96A-7054-471A-9D81-E77B2F4C1938}.Release|Any CPU.ActiveCfg = Release|Any CPU
		{2D45C96A-7054-471A-9D81-E77B2F4C1938}.Release|Any CPU.Build.0 = Release|Any CPU
	EndGlobalSection
	GlobalSection(SolutionProperties) = preSolution
		HideSolutionNode = FALSE
	EndGlobalSection
	GlobalSection(ExtensibilityGlobals) = postSolution
		SolutionGuid = {4FEE5FFA-7046-45C2-9FFD-25A4A85A6936}
	EndGlobalSection
EndGlobal
